{
  "name": "notambourine-agent-plugins",
  "lockfileVersion": 3,
  "requires": true,
  "packages": {
    "": {
      "name": "notambourine-agent-plugins",
      "license": "MIT",
      "dependencies": {
        "@notambourine/brand-kit": "2.0.0"
      }
    },
    "node_modules/@notambourine/brand-kit": {
      "version": "2.0.0",
      "resolved": "https://registry.npmjs.org/@notambourine/brand-kit/-/brand-kit-2.0.0.tgz",
      "integrity": "sha512-tPBqH3YpdqVebOhXuqXMzW0gNYLyZ8c8K22f4aT03WKyQ2oEl4Wm0ETGSe7lRdlvMM+Br3C79AGnQETFPVhefw==",
      "license": "MIT"
    }
  }
}
