{
  "name": "notambourine-agent-plugins",
  "lockfileVersion": 3,
  "requires": true,
  "packages": {
    "": {
      "name": "notambourine-agent-plugins",
      "license": "MIT",
      "dependencies": {
        "@notambourine/brand-kit": "3.1.0"
      }
    },
    "node_modules/@notambourine/brand-kit": {
      "version": "3.1.0",
      "resolved": "https://registry.npmjs.org/@notambourine/brand-kit/-/brand-kit-3.1.0.tgz",
      "integrity": "sha512-rUbm8GPQN54bB8djtckBlQE1QcUQU/8xHbBq03IqK27QN/4sh59Wvj7tVqPwPoTUGsTW4QejqgbbfGXcZU/E1g==",
      "license": "MIT"
    }
  }
}
